
Microsoft Visual Studio Solution File, Format Version 12.00
# Visual Studio Version 16
VisualStudioVersion = 16.0.28803.352
MinimumVisualStudioVersion = 10.0.40219.1
Project("{2150E333-8FDC-42A3-9474-1A3956D46DE8}") = "lesson 5", "lesson 5", "{E8945C8A-8047-48D1-ACAC-9DC78C895AB9}"
EndProject
Project("{2150E333-8FDC-42A3-9474-1A3956D46DE8}") = "app", "app", "{35E8F710-AB9B-46AE-815A-A2C3453694AA}"
EndProject
Project("{2150E333-8FDC-42A3-9474-1A3956D46DE8}") = "manifests", "manifests", "{84FDC34A-C6B7-447F-91CB-83BE84D999B3}"
	ProjectSection(SolutionItems) = preProject
		lesson 5\manifests\otus-deployment.yaml = lesson 5\manifests\otus-deployment.yaml
		lesson 5\manifests\otus-health-ingress.yaml = lesson 5\manifests\otus-health-ingress.yaml
		lesson 5\manifests\otus-root-ingress.yaml = lesson 5\manifests\otus-root-ingress.yaml
		lesson 5\manifests\otus-service.yaml = lesson 5\manifests\otus-service.yaml
	EndProjectSection
EndProject
Project("{9A19103F-16F7-4668-BE54-9A1E7A4F7556}") = "otus", "lesson 5\app\otus\otus.csproj", "{912653A9-F962-4330-A929-B4C9F00227FE}"
EndProject
Project("{2150E333-8FDC-42A3-9474-1A3956D46DE8}") = "lesson 6", "lesson 6", "{ADCA584B-CED5-41EF-B28F-0D7DC0BC9815}"
EndProject
Project("{2150E333-8FDC-42A3-9474-1A3956D46DE8}") = "app", "app", "{8E9DBB3C-F53F-4B15-A2A7-DD964A1C15AB}"
EndProject
Project("{9A19103F-16F7-4668-BE54-9A1E7A4F7556}") = "otus6", "lesson 6\app\otus6\otus6.csproj", "{8D1CE359-6B8E-4C17-9158-3D5F10D1B3AF}"
EndProject
Project("{2150E333-8FDC-42A3-9474-1A3956D46DE8}") = "postman", "postman", "{F7544A80-C631-48B0-B6CC-2588357EBDDC}"
EndProject
Project("{2150E333-8FDC-42A3-9474-1A3956D46DE8}") = "lesson 12", "lesson 12", "{C8FB072F-1650-47B5-8E73-F69735050CF1}"
EndProject
Project("{2150E333-8FDC-42A3-9474-1A3956D46DE8}") = "apps", "apps", "{0A47CBE3-05C6-4D91-A402-7E6992F2E846}"
EndProject
Project("{9A19103F-16F7-4668-BE54-9A1E7A4F7556}") = "IdentityServer", "lesson 12\apps\IdentityServer\IdentityServer.csproj", "{3845981A-B9DC-4487-85F5-B48447A9415A}"
EndProject
Project("{FAE04EC0-301F-11D3-BF4B-00C04F79EFBC}") = "DatabaseContext", "lesson 12\apps\DatabaseContext\DatabaseContext.csproj", "{87FA04A8-A19C-4113-B464-56D73A1E096E}"
EndProject
Project("{FAE04EC0-301F-11D3-BF4B-00C04F79EFBC}") = "JetExtension", "lesson 12\apps\JetExtension\JetExtension.csproj", "{19EF39F9-EB8D-4DFD-B701-1A3D07C91140}"
EndProject
Project("{2150E333-8FDC-42A3-9474-1A3956D46DE8}") = "libs", "libs", "{D2E84D2D-8093-4E68-84F8-F1479ADBC00F}"
EndProject
Project("{FAE04EC0-301F-11D3-BF4B-00C04F79EFBC}") = "ApiClient", "lesson 12\apps\ApiClient\ApiClient.csproj", "{79319F37-FCAF-4BD7-AF30-676DFF27EE57}"
EndProject
Project("{FAE04EC0-301F-11D3-BF4B-00C04F79EFBC}") = "ProfileServer", "lesson 12\apps\ProfileServer\ProfileServer.csproj", "{467F6C26-BF1E-48EC-AAB4-5EFF6B3ADCA9}"
EndProject
Project("{FAE04EC0-301F-11D3-BF4B-00C04F79EFBC}") = "BffServer", "lesson 12\apps\BffServer\BffServer.csproj", "{42488FC3-DD5E-4169-AF98-FE261249C277}"
EndProject
Global
	GlobalSection(SolutionConfigurationPlatforms) = preSolution
		Debug|Any CPU = Debug|Any CPU
		Release|Any CPU = Release|Any CPU
	EndGlobalSection
	GlobalSection(ProjectConfigurationPlatforms) = postSolution
		{912653A9-F962-4330-A929-B4C9F00227FE}.Debug|Any CPU.ActiveCfg = Debug|Any CPU
		{912653A9-F962-4330-A929-B4C9F00227FE}.Debug|Any CPU.Build.0 = Debug|Any CPU
		{912653A9-F962-4330-A929-B4C9F00227FE}.Release|Any CPU.ActiveCfg = Release|Any CPU
		{912653A9-F962-4330-A929-B4C9F00227FE}.Release|Any CPU.Build.0 = Release|Any CPU
		{8D1CE359-6B8E-4C17-9158-3D5F10D1B3AF}.Debug|Any CPU.ActiveCfg = Debug|Any CPU
		{8D1CE359-6B8E-4C17-9158-3D5F10D1B3AF}.Debug|Any CPU.Build.0 = Debug|Any CPU
		{8D1CE359-6B8E-4C17-9158-3D5F10D1B3AF}.Release|Any CPU.ActiveCfg = Release|Any CPU
		{8D1CE359-6B8E-4C17-9158-3D5F10D1B3AF}.Release|Any CPU.Build.0 = Release|Any CPU
		{3845981A-B9DC-4487-85F5-B48447A9415A}.Debug|Any CPU.ActiveCfg = Debug|Any CPU
		{3845981A-B9DC-4487-85F5-B48447A9415A}.Debug|Any CPU.Build.0 = Debug|Any CPU
		{3845981A-B9DC-4487-85F5-B48447A9415A}.Release|Any CPU.ActiveCfg = Release|Any CPU
		{3845981A-B9DC-4487-85F5-B48447A9415A}.Release|Any CPU.Build.0 = Release|Any CPU
		{87FA04A8-A19C-4113-B464-56D73A1E096E}.Debug|Any CPU.ActiveCfg = Debug|Any CPU
		{87FA04A8-A19C-4113-B464-56D73A1E096E}.Debug|Any CPU.Build.0 = Debug|Any CPU
		{87FA04A8-A19C-4113-B464-56D73A1E096E}.Release|Any CPU.ActiveCfg = Release|Any CPU
		{87FA04A8-A19C-4113-B464-56D73A1E096E}.Release|Any CPU.Build.0 = Release|Any CPU
		{19EF39F9-EB8D-4DFD-B701-1A3D07C91140}.Debug|Any CPU.ActiveCfg = Debug|Any CPU
		{19EF39F9-EB8D-4DFD-B701-1A3D07C91140}.Debug|Any CPU.Build.0 = Debug|Any CPU
		{19EF39F9-EB8D-4DFD-B701-1A3D07C91140}.Release|Any CPU.ActiveCfg = Release|Any CPU
		{19EF39F9-EB8D-4DFD-B701-1A3D07C91140}.Release|Any CPU.Build.0 = Release|Any CPU
		{79319F37-FCAF-4BD7-AF30-676DFF27EE57}.Debug|Any CPU.ActiveCfg = Debug|Any CPU
		{79319F37-FCAF-4BD7-AF30-676DFF27EE57}.Debug|Any CPU.Build.0 = Debug|Any CPU
		{79319F37-FCAF-4BD7-AF30-676DFF27EE57}.Release|Any CPU.ActiveCfg = Release|Any CPU
		{79319F37-FCAF-4BD7-AF30-676DFF27EE57}.Release|Any CPU.Build.0 = Release|Any CPU
		{467F6C26-BF1E-48EC-AAB4-5EFF6B3ADCA9}.Debug|Any CPU.ActiveCfg = Debug|Any CPU
		{467F6C26-BF1E-48EC-AAB4-5EFF6B3ADCA9}.Debug|Any CPU.Build.0 = Debug|Any CPU
		{467F6C26-BF1E-48EC-AAB4-5EFF6B3ADCA9}.Release|Any CPU.ActiveCfg = Release|Any CPU
		{467F6C26-BF1E-48EC-AAB4-5EFF6B3ADCA9}.Release|Any CPU.Build.0 = Release|Any CPU
		{42488FC3-DD5E-4169-AF98-FE261249C277}.Debug|Any CPU.ActiveCfg = Debug|Any CPU
		{42488FC3-DD5E-4169-AF98-FE261249C277}.Debug|Any CPU.Build.0 = Debug|Any CPU
		{42488FC3-DD5E-4169-AF98-FE261249C277}.Release|Any CPU.ActiveCfg = Release|Any CPU
		{42488FC3-DD5E-4169-AF98-FE261249C277}.Release|Any CPU.Build.0 = Release|Any CPU
	EndGlobalSection
	GlobalSection(SolutionProperties) = preSolution
		HideSolutionNode = FALSE
	EndGlobalSection
	GlobalSection(NestedProjects) = preSolution
		{35E8F710-AB9B-46AE-815A-A2C3453694AA} = {E8945C8A-8047-48D1-ACAC-9DC78C895AB9}
		{84FDC34A-C6B7-447F-91CB-83BE84D999B3} = {E8945C8A-8047-48D1-ACAC-9DC78C895AB9}
		{912653A9-F962-4330-A929-B4C9F00227FE} = {35E8F710-AB9B-46AE-815A-A2C3453694AA}
		{8E9DBB3C-F53F-4B15-A2A7-DD964A1C15AB} = {ADCA584B-CED5-41EF-B28F-0D7DC0BC9815}
		{8D1CE359-6B8E-4C17-9158-3D5F10D1B3AF} = {8E9DBB3C-F53F-4B15-A2A7-DD964A1C15AB}
		{F7544A80-C631-48B0-B6CC-2588357EBDDC} = {8E9DBB3C-F53F-4B15-A2A7-DD964A1C15AB}
		{0A47CBE3-05C6-4D91-A402-7E6992F2E846} = {C8FB072F-1650-47B5-8E73-F69735050CF1}
		{3845981A-B9DC-4487-85F5-B48447A9415A} = {0A47CBE3-05C6-4D91-A402-7E6992F2E846}
		{87FA04A8-A19C-4113-B464-56D73A1E096E} = {D2E84D2D-8093-4E68-84F8-F1479ADBC00F}
		{19EF39F9-EB8D-4DFD-B701-1A3D07C91140} = {D2E84D2D-8093-4E68-84F8-F1479ADBC00F}
		{D2E84D2D-8093-4E68-84F8-F1479ADBC00F} = {C8FB072F-1650-47B5-8E73-F69735050CF1}
		{79319F37-FCAF-4BD7-AF30-676DFF27EE57} = {D2E84D2D-8093-4E68-84F8-F1479ADBC00F}
		{467F6C26-BF1E-48EC-AAB4-5EFF6B3ADCA9} = {0A47CBE3-05C6-4D91-A402-7E6992F2E846}
		{42488FC3-DD5E-4169-AF98-FE261249C277} = {0A47CBE3-05C6-4D91-A402-7E6992F2E846}
	EndGlobalSection
	GlobalSection(ExtensibilityGlobals) = postSolution
		SolutionGuid = {9E539097-4035-4362-8815-1E2680000381}
	EndGlobalSection
EndGlobal
